hash: cd85702b674900079b16a370574fda11bda751ae3df1bf08ce655e88a7858c5e
updated: 2017-10-18T17:25:28.988386904+08:00
imports:
- name: git.apache.org/thrift.git
  version: 8b8a8efea13d1c97f856053af0a5c0e6a8a76354
  subpackages:
  - lib/go/thrift
- name: github.com/armon/go-metrics
  version: 9a4b6e10bed6220a1665955aa2b75afc91eb10b3
- name: github.com/boltdb/bolt
  version: 2f1ce7a837dcb8da3ec595b1dac9d0632f0f99e8
- name: github.com/garyburd/redigo
  version: 433969511232c397de61b1442f9fd49ec06ae9ba
  subpackages:
  - internal
  - redis
- name: github.com/hashicorp/go-immutable-radix
  version: 8aac2701530899b64bdea735a1de8da899815220
- name: github.com/hashicorp/go-msgpack
  version: fa3f63826f7c23912c15263591e65d54d080b458
  subpackages:
  - codec
- name: github.com/hashicorp/golang-lru
  version: 0a025b7e63adc15a622f29b0b2c4c3848243bbf6
  subpackages:
  - simplelru
- name: github.com/hashicorp/raft
  version: 6d14f0c70869faabd9e60ba7ed88a6cbbd6a661f
- name: golang.org/x/net
  version: 1087133bc4af3073e18add999345c6ae75918503
  subpackages:
  - context
- name: golang.org/x/sys
  version: 8dbc5d05d6edcc104950cc299a1ce6641235bc86
  subpackages:
  - unix
testImports: []
